
Microsoft Visual Studio Solution File, Format Version 12.00
# Visual Studio Version 17
VisualStudioVersion = 17.0.31903.59
MinimumVisualStudioVersion = 10.0.40219.1
Project("{2150E333-8FDC-42A3-9474-1A3956D46DE8}") = "src", "src", "{827E0CD3-B72D-47B6-A68D-7590B98EB39B}"
EndProject
Project("{FAE04EC0-301F-11D3-BF4B-00C04F79EFBC}") = "v-eval-practice-service.Domain", "src\v-eval-practice-service.Domain\v-eval-practice-service.Domain.csproj", "{906C8346-4091-4B3E-88C2-7E3F6DD35810}"
EndProject
Project("{FAE04EC0-301F-11D3-BF4B-00C04F79EFBC}") = "v-eval-practice-service.Application", "src\v-eval-practice-service.Application\v-eval-practice-service.Application.csproj", "{54BEC07F-8991-4ED3-8834-5A968BDA5171}"
EndProject
Project("{FAE04EC0-301F-11D3-BF4B-00C04F79EFBC}") = "v-eval-practice-service.Infrastructure", "src\v-eval-practice-service.Infrastructure\v-eval-practice-service.Infrastructure.csproj", "{522D74E5-3720-4AD8-B8A3-D711E1AA74EE}"
EndProject
Project("{FAE04EC0-301F-11D3-BF4B-00C04F79EFBC}") = "v-eval-practice-service.API", "src\v-eval-practice-service.API\v-eval-practice-service.API.csproj", "{501D354D-7621-4761-8D15-8BC8CD774E2A}"
EndProject
Global
	GlobalSection(SolutionConfigurationPlatforms) = preSolution
		Debug|Any CPU = Debug|Any CPU
		Debug|x64 = Debug|x64
		Debug|x86 = Debug|x86
		Release|Any CPU = Release|Any CPU
		Release|x64 = Release|x64
		Release|x86 = Release|x86
	EndGlobalSection
	GlobalSection(ProjectConfigurationPlatforms) = postSolution
		{906C8346-4091-4B3E-88C2-7E3F6DD35810}.Debug|Any CPU.ActiveCfg = Debug|Any CPU
		{906C8346-4091-4B3E-88C2-7E3F6DD35810}.Debug|Any CPU.Build.0 = Debug|Any CPU
		{906C8346-4091-4B3E-88C2-7E3F6DD35810}.Debug|x64.ActiveCfg = Debug|Any CPU
		{906C8346-4091-4B3E-88C2-7E3F6DD35810}.Debug|x64.Build.0 = Debug|Any CPU
		{906C8346-4091-4B3E-88C2-7E3F6DD35810}.Debug|x86.ActiveCfg = Debug|Any CPU
		{906C8346-4091-4B3E-88C2-7E3F6DD35810}.Debug|x86.Build.0 = Debug|Any CPU
		{906C8346-4091-4B3E-88C2-7E3F6DD35810}.Release|Any CPU.ActiveCfg = Release|Any CPU
		{906C8346-4091-4B3E-88C2-7E3F6DD35810}.Release|Any CPU.Build.0 = Release|Any CPU
		{906C8346-4091-4B3E-88C2-7E3F6DD35810}.Release|x64.ActiveCfg = Release|Any CPU
		{906C8346-4091-4B3E-88C2-7E3F6DD35810}.Release|x64.Build.0 = Release|Any CPU
		{906C8346-4091-4B3E-88C2-7E3F6DD35810}.Release|x86.ActiveCfg = Release|Any CPU
		{906C8346-4091-4B3E-88C2-7E3F6DD35810}.Release|x86.Build.0 = Release|Any CPU
		{54BEC07F-8991-4ED3-8834-5A968BDA5171}.Debug|Any CPU.ActiveCfg = Debug|Any CPU
		{54BEC07F-8991-4ED3-8834-5A968BDA5171}.Debug|Any CPU.Build.0 = Debug|Any CPU
		{54BEC07F-8991-4ED3-8834-5A968BDA5171}.Debug|x64.ActiveCfg = Debug|Any CPU
		{54BEC07F-8991-4ED3-8834-5A968BDA5171}.Debug|x64.Build.0 = Debug|Any CPU
		{54BEC07F-8991-4ED3-8834-5A968BDA5171}.Debug|x86.ActiveCfg = Debug|Any CPU
		{54BEC07F-8991-4ED3-8834-5A968BDA5171}.Debug|x86.Build.0 = Debug|Any CPU
		{54BEC07F-8991-4ED3-8834-5A968BDA5171}.Release|Any CPU.ActiveCfg = Release|Any CPU
		{54BEC07F-8991-4ED3-8834-5A968BDA5171}.Release|Any CPU.Build.0 = Release|Any CPU
		{54BEC07F-8991-4ED3-8834-5A968BDA5171}.Release|x64.ActiveCfg = Release|Any CPU
		{54BEC07F-8991-4ED3-8834-5A968BDA5171}.Release|x64.Build.0 = Release|Any CPU
		{54BEC07F-8991-4ED3-8834-5A968BDA5171}.Release|x86.ActiveCfg = Release|Any CPU
		{54BEC07F-8991-4ED3-8834-5A968BDA5171}.Release|x86.Build.0 = Release|Any CPU
		{522D74E5-3720-4AD8-B8A3-D711E1AA74EE}.Debug|Any CPU.ActiveCfg = Debug|Any CPU
		{522D74E5-3720-4AD8-B8A3-D711E1AA74EE}.Debug|Any CPU.Build.0 = Debug|Any CPU
		{522D74E5-3720-4AD8-B8A3-D711E1AA74EE}.Debug|x64.ActiveCfg = Debug|Any CPU
		{522D74E5-3720-4AD8-B8A3-D711E1AA74EE}.Debug|x64.Build.0 = Debug|Any CPU
		{522D74E5-3720-4AD8-B8A3-D711E1AA74EE}.Debug|x86.ActiveCfg = Debug|Any CPU
		{522D74E5-3720-4AD8-B8A3-D711E1AA74EE}.Debug|x86.Build.0 = Debug|Any CPU
		{522D74E5-3720-4AD8-B8A3-D711E1AA74EE}.Release|Any CPU.ActiveCfg = Release|Any CPU
		{522D74E5-3720-4AD8-B8A3-D711E1AA74EE}.Release|Any CPU.Build.0 = Release|Any CPU
		{522D74E5-3720-4AD8-B8A3-D711E1AA74EE}.Release|x64.ActiveCfg = Release|Any CPU
		{522D74E5-3720-4AD8-B8A3-D711E1AA74EE}.Release|x64.Build.0 = Release|Any CPU
		{522D74E5-3720-4AD8-B8A3-D711E1AA74EE}.Release|x86.ActiveCfg = Release|Any CPU
		{522D74E5-3720-4AD8-B8A3-D711E1AA74EE}.Release|x86.Build.0 = Release|Any CPU
		{501D354D-7621-4761-8D15-8BC8CD774E2A}.Debug|Any CPU.ActiveCfg = Debug|Any CPU
		{501D354D-7621-4761-8D15-8BC8CD774E2A}.Debug|Any CPU.Build.0 = Debug|Any CPU
		{501D354D-7621-4761-8D15-8BC8CD774E2A}.Debug|x64.ActiveCfg = Debug|Any CPU
		{501D354D-7621-4761-8D15-8BC8CD774E2A}.Debug|x64.Build.0 = Debug|Any CPU
		{501D354D-7621-4761-8D15-8BC8CD774E2A}.Debug|x86.ActiveCfg = Debug|Any CPU
		{501D354D-7621-4761-8D15-8BC8CD774E2A}.Debug|x86.Build.0 = Debug|Any CPU
		{501D354D-7621-4761-8D15-8BC8CD774E2A}.Release|Any CPU.ActiveCfg = Release|Any CPU
		{501D354D-7621-4761-8D15-8BC8CD774E2A}.Release|Any CPU.Build.0 = Release|Any CPU
		{501D354D-7621-4761-8D15-8BC8CD774E2A}.Release|x64.ActiveCfg = Release|Any CPU
		{501D354D-7621-4761-8D15-8BC8CD774E2A}.Release|x64.Build.0 = Release|Any CPU
		{501D354D-7621-4761-8D15-8BC8CD774E2A}.Release|x86.ActiveCfg = Release|Any CPU
		{501D354D-7621-4761-8D15-8BC8CD774E2A}.Release|x86.Build.0 = Release|Any CPU
	EndGlobalSection
	GlobalSection(SolutionProperties) = preSolution
		HideSolutionNode = FALSE
	EndGlobalSection
	GlobalSection(NestedProjects) = preSolution
		{906C8346-4091-4B3E-88C2-7E3F6DD35810} = {827E0CD3-B72D-47B6-A68D-7590B98EB39B}
		{54BEC07F-8991-4ED3-8834-5A968BDA5171} = {827E0CD3-B72D-47B6-A68D-7590B98EB39B}
		{522D74E5-3720-4AD8-B8A3-D711E1AA74EE} = {827E0CD3-B72D-47B6-A68D-7590B98EB39B}
		{501D354D-7621-4761-8D15-8BC8CD774E2A} = {827E0CD3-B72D-47B6-A68D-7590B98EB39B}
	EndGlobalSection
EndGlobal
